
Microsoft Visual Studio Solution File, Format Version 12.00
# Visual Studio Version 17
VisualStudioVersion = 17.2.32526.322
MinimumVisualStudioVersion = 10.0.40219.1
Project("{FAE04EC0-301F-11D3-BF4B-00C04F79EFBC}") = "FileTaggerRemake", "FileTaggerRemake\FileTaggerRemake.csproj", "{703B6D9C-C475-4BE1-9BE6-9908E541E43F}"
EndProject
Global
	GlobalSection(SolutionConfigurationPlatforms) = preSolution
		Debug|Any CPU = Debug|Any CPU
		Release|Any CPU = Release|Any CPU
	EndGlobalSection
	GlobalSection(ProjectConfigurationPlatforms) = postSolution
		{703B6D9C-C475-4BE1-9BE6-9908E541E43F}.Debug|Any CPU.ActiveCfg = Debug|Any CPU
		{703B6D9C-C475-4BE1-9BE6-9908E541E43F}.Debug|Any CPU.Build.0 = Debug|Any CPU
		{703B6D9C-C475-4BE1-9BE6-9908E541E43F}.Release|Any CPU.ActiveCfg = Release|Any CPU
		{703B6D9C-C475-4BE1-9BE6-9908E541E43F}.Release|Any CPU.Build.0 = Release|Any CPU
	EndGlobalSection
	GlobalSection(SolutionProperties) = preSolution
		HideSolutionNode = FALSE
	EndGlobalSection
	GlobalSection(ExtensibilityGlobals) = postSolution
		SolutionGuid = {2AAE9EDD-2468-4092-B102-C98BBC27020B}
	EndGlobalSection
EndGlobal
